
Microsoft Visual Studio Solution File, Format Version 12.00
# Visual Studio Version 17
VisualStudioVersion = 17.9.34714.143
MinimumVisualStudioVersion = 10.0.40219.1
Project("{FAE04EC0-301F-11D3-BF4B-00C04F79EFBC}") = "Pool Club", "Pool Club.csproj", "{71194221-E10E-4B85-BAF0-68FED1A82A68}"
EndProject
Global
	GlobalSection(SolutionConfigurationPlatforms) = preSolution
		Debug|Any CPU = Debug|Any CPU
		Release|Any CPU = Release|Any CPU
	EndGlobalSection
	GlobalSection(ProjectConfigurationPlatforms) = postSolution
		{71194221-E10E-4B85-BAF0-68FED1A82A68}.Debug|Any CPU.ActiveCfg = Debug|Any CPU
		{71194221-E10E-4B85-BAF0-68FED1A82A68}.Debug|Any CPU.Build.0 = Debug|Any CPU
		{71194221-E10E-4B85-BAF0-68FED1A82A68}.Release|Any CPU.ActiveCfg = Release|Any CPU
		{71194221-E10E-4B85-BAF0-68FED1A82A68}.Release|Any CPU.Build.0 = Release|Any CPU
	EndGlobalSection
	GlobalSection(SolutionProperties) = preSolution
		HideSolutionNode = FALSE
	EndGlobalSection
	GlobalSection(ExtensibilityGlobals) = postSolution
		SolutionGuid = {990CDDA1-28D4-4DC7-8F87-3DF5F66C9DA4}
	EndGlobalSection
EndGlobal
