
Microsoft Visual Studio Solution File, Format Version 12.00
# Visual Studio Version 16
VisualStudioVersion = 16.0.28922.388
MinimumVisualStudioVersion = 10.0.40219.1
Project("{8BC9CEB8-8B4A-11D0-8D11-00A0C91BC942}") = "Project_13_Dynamic Array", "Project_13_Dynamic Array.vcxproj", "{6CF9CE93-6703-46CF-90F7-48373F8B235B}"
EndProject
Global
	GlobalSection(SolutionConfigurationPlatforms) = preSolution
		Debug|x64 = Debug|x64
		Debug|x86 = Debug|x86
		Release|x64 = Release|x64
		Release|x86 = Release|x86
	EndGlobalSection
	GlobalSection(ProjectConfigurationPlatforms) = postSolution
		{6CF9CE93-6703-46CF-90F7-48373F8B235B}.Debug|x64.ActiveCfg = Debug|x64
		{6CF9CE93-6703-46CF-90F7-48373F8B235B}.Debug|x64.Build.0 = Debug|x64
		{6CF9CE93-6703-46CF-90F7-48373F8B235B}.Debug|x86.ActiveCfg = Debug|Win32
		{6CF9CE93-6703-46CF-90F7-48373F8B235B}.Debug|x86.Build.0 = Debug|Win32
		{6CF9CE93-6703-46CF-90F7-48373F8B235B}.Release|x64.ActiveCfg = Release|x64
		{6CF9CE93-6703-46CF-90F7-48373F8B235B}.Release|x64.Build.0 = Release|x64
		{6CF9CE93-6703-46CF-90F7-48373F8B235B}.Release|x86.ActiveCfg = Release|Win32
		{6CF9CE93-6703-46CF-90F7-48373F8B235B}.Release|x86.Build.0 = Release|Win32
	EndGlobalSection
	GlobalSection(SolutionProperties) = preSolution
		HideSolutionNode = FALSE
	EndGlobalSection
	GlobalSection(ExtensibilityGlobals) = postSolution
		SolutionGuid = {4F9B94A0-91FA-4A87-B67D-3E7ACA0B0FEE}
	EndGlobalSection
EndGlobal
