
Microsoft Visual Studio Solution File, Format Version 12.00
# Visual Studio Version 16
VisualStudioVersion = 16.0.28922.388
MinimumVisualStudioVersion = 10.0.40219.1
Project("{8BC9CEB8-8B4A-11D0-8D11-00A0C91BC942}") = "Project_4_Clear", "Project_4_Clear.vcxproj", "{F0F3316C-B641-41D0-B0B1-EC013AE71319}"
EndProject
Global
	GlobalSection(SolutionConfigurationPlatforms) = preSolution
		Debug|x64 = Debug|x64
		Debug|x86 = Debug|x86
		Release|x64 = Release|x64
		Release|x86 = Release|x86
	EndGlobalSection
	GlobalSection(ProjectConfigurationPlatforms) = postSolution
		{F0F3316C-B641-41D0-B0B1-EC013AE71319}.Debug|x64.ActiveCfg = Debug|x64
		{F0F3316C-B641-41D0-B0B1-EC013AE71319}.Debug|x64.Build.0 = Debug|x64
		{F0F3316C-B641-41D0-B0B1-EC013AE71319}.Debug|x86.ActiveCfg = Debug|Win32
		{F0F3316C-B641-41D0-B0B1-EC013AE71319}.Debug|x86.Build.0 = Debug|Win32
		{F0F3316C-B641-41D0-B0B1-EC013AE71319}.Release|x64.ActiveCfg = Release|x64
		{F0F3316C-B641-41D0-B0B1-EC013AE71319}.Release|x64.Build.0 = Release|x64
		{F0F3316C-B641-41D0-B0B1-EC013AE71319}.Release|x86.ActiveCfg = Release|Win32
		{F0F3316C-B641-41D0-B0B1-EC013AE71319}.Release|x86.Build.0 = Release|Win32
	EndGlobalSection
	GlobalSection(SolutionProperties) = preSolution
		HideSolutionNode = FALSE
	EndGlobalSection
	GlobalSection(ExtensibilityGlobals) = postSolution
		SolutionGuid = {D9C4A0A3-B3E9-4055-8A40-28BA1D2FA7A7}
	EndGlobalSection
EndGlobal
