
Microsoft Visual Studio Solution File, Format Version 12.00
# Visual Studio Version 16
VisualStudioVersion = 16.0.28922.388
MinimumVisualStudioVersion = 10.0.40219.1
Project("{8BC9CEB8-8B4A-11D0-8D11-00A0C91BC942}") = "Project_6_GetNode", "Project_6_GetNode.vcxproj", "{090F2980-2C51-4056-8D9F-78E481227839}"
EndProject
Global
	GlobalSection(SolutionConfigurationPlatforms) = preSolution
		Debug|x64 = Debug|x64
		Debug|x86 = Debug|x86
		Release|x64 = Release|x64
		Release|x86 = Release|x86
	EndGlobalSection
	GlobalSection(ProjectConfigurationPlatforms) = postSolution
		{090F2980-2C51-4056-8D9F-78E481227839}.Debug|x64.ActiveCfg = Debug|x64
		{090F2980-2C51-4056-8D9F-78E481227839}.Debug|x64.Build.0 = Debug|x64
		{090F2980-2C51-4056-8D9F-78E481227839}.Debug|x86.ActiveCfg = Debug|Win32
		{090F2980-2C51-4056-8D9F-78E481227839}.Debug|x86.Build.0 = Debug|Win32
		{090F2980-2C51-4056-8D9F-78E481227839}.Release|x64.ActiveCfg = Release|x64
		{090F2980-2C51-4056-8D9F-78E481227839}.Release|x64.Build.0 = Release|x64
		{090F2980-2C51-4056-8D9F-78E481227839}.Release|x86.ActiveCfg = Release|Win32
		{090F2980-2C51-4056-8D9F-78E481227839}.Release|x86.Build.0 = Release|Win32
	EndGlobalSection
	GlobalSection(SolutionProperties) = preSolution
		HideSolutionNode = FALSE
	EndGlobalSection
	GlobalSection(ExtensibilityGlobals) = postSolution
		SolutionGuid = {A37553A2-6353-4944-9ED8-9C43FD5367F3}
	EndGlobalSection
EndGlobal
